// !$*UTF8*$!
{
	archiveVersion = 1;
	classes = {
	};
	objectVersion = 50;
	objects = {

/* Begin PBXBuildFile section */
		A525D2A826357AA300967098 /* Tests_iOS.swift in Sources */ = {isa = PBXBuildFile; fileRef = A525D2A726357AA300967098 /* Tests_iOS.swift */; };
		A525D2B326357AA300967098 /* Tests_macOS.swift in Sources */ = {isa = PBXBuildFile; fileRef = A525D2B226357AA300967098 /* Tests_macOS.swift */; };
		A525D2B526357AA300967098 /* HappyPlants.xcdatamodeld in Sources */ = {isa = PBXBuildFile; fileRef = A525D28926357AA100967098 /* HappyPlants.xcdatamodeld */; };
		A525D2B626357AA300967098 /* HappyPlants.xcdatamodeld in Sources */ = {isa = PBXBuildFile; fileRef = A525D28926357AA100967098 /* HappyPlants.xcdatamodeld */; };
		A525D2B726357AA300967098 /* HappyPlantsApp.swift in Sources */ = {isa = PBXBuildFile; fileRef = A525D28B26357AA100967098 /* HappyPlantsApp.swift */; };
		A525D2B826357AA300967098 /* HappyPlantsApp.swift in Sources */ = {isa = PBXBuildFile; fileRef = A525D28B26357AA100967098 /* HappyPlantsApp.swift */; };
		A525D2B926357AA300967098 /* ContentView.swift in Sources */ = {isa = PBXBuildFile; fileRef = A525D28C26357AA100967098 /* ContentView.swift */; };
		A525D2BA26357AA300967098 /* ContentView.swift in Sources */ = {isa = PBXBuildFile; fileRef = A525D28C26357AA100967098 /* ContentView.swift */; };
		A525D2BB26357AA300967098 /* Persistence.swift in Sources */ = {isa = PBXBuildFile; fileRef = A525D28D26357AA100967098 /* Persistence.swift */; };
		A525D2BC26357AA300967098 /* Persistence.swift in Sources */ = {isa = PBXBuildFile; fileRef = A525D28D26357AA100967098 /* Persistence.swift */; };
		A525D2BD26357AA300967098 /* Assets.xcassets in Resources */ = {isa = PBXBuildFile; fileRef = A525D28E26357AA300967098 /* Assets.xcassets */; };
		A525D2BE26357AA300967098 /* Assets.xcassets in Resources */ = {isa = PBXBuildFile; fileRef = A525D28E26357AA300967098 /* Assets.xcassets */; };
		A525D2D726357C5100967098 /* Network.swift in Sources */ = {isa = PBXBuildFile; fileRef = A525D2D626357C5100967098 /* Network.swift */; };
		A525D2D826357C5100967098 /* Network.swift in Sources */ = {isa = PBXBuildFile; fileRef = A525D2D626357C5100967098 /* Network.swift */; };
		A525D2DE26357CE200967098 /* HappyPlantsAPI.swift in Sources */ = {isa = PBXBuildFile; fileRef = A525D2DD26357CE200967098 /* HappyPlantsAPI.swift */; };
		A525D2DF26357CE200967098 /* HappyPlantsAPI.swift in Sources */ = {isa = PBXBuildFile; fileRef = A525D2DD26357CE200967098 /* HappyPlantsAPI.swift */; };
		A525D2E526357E6300967098 /* Gardener.swift in Sources */ = {isa = PBXBuildFile; fileRef = A525D2E426357E6300967098 /* Gardener.swift */; };
		A525D2E626357E6300967098 /* Gardener.swift in Sources */ = {isa = PBXBuildFile; fileRef = A525D2E426357E6300967098 /* Gardener.swift */; };
		A525D2EC26357E6800967098 /* Plant.swift in Sources */ = {isa = PBXBuildFile; fileRef = A525D2EB26357E6800967098 /* Plant.swift */; };
		A525D2ED26357E6800967098 /* Plant.swift in Sources */ = {isa = PBXBuildFile; fileRef = A525D2EB26357E6800967098 /* Plant.swift */; };
		A525D2F326362DC400967098 /* LoginView.swift in Sources */ = {isa = PBXBuildFile; fileRef = A525D2F226362DC400967098 /* LoginView.swift */; };
		A525D2F426362DC400967098 /* LoginView.swift in Sources */ = {isa = PBXBuildFile; fileRef = A525D2F226362DC400967098 /* LoginView.swift */; };
		A525D3252636564700967098 /* AppTabNavigation.swift in Sources */ = {isa = PBXBuildFile; fileRef = A525D3242636564700967098 /* AppTabNavigation.swift */; };
		A525D32B2636571F00967098 /* AppSidebarNavigation.swift in Sources */ = {isa = PBXBuildFile; fileRef = A525D32A2636571F00967098 /* AppSidebarNavigation.swift */; };
		A525D32C2636571F00967098 /* AppSidebarNavigation.swift in Sources */ = {isa = PBXBuildFile; fileRef = A525D32A2636571F00967098 /* AppSidebarNavigation.swift */; };
/* End PBXBuildFile section */

/* Begin PBXContainerItemProxy section */
		A525D2A426357AA300967098 /* PBXContainerItemProxy */ = {
			isa = PBXContainerItemProxy;
			containerPortal = A525D28426357AA100967098 /* Project object */;
			proxyType = 1;
			remoteGlobalIDString = A525D29226357AA300967098;
			remoteInfo = "HappyPlants (iOS)";
		};
		A525D2AF26357AA300967098 /* PBXContainerItemProxy */ = {
			isa = PBXContainerItemProxy;
			containerPortal = A525D28426357AA100967098 /* Project object */;
			proxyType = 1;
			remoteGlobalIDString = A525D29A26357AA300967098;
			remoteInfo = "HappyPlants (macOS)";
		};
/* End PBXContainerItemProxy section */

/* Begin PBXFileReference section */
		A525D28A26357AA100967098 /* Shared.xcdatamodel */ = {isa = PBXFileReference; lastKnownFileType = wrapper.xcdatamodel; path = Shared.xcdatamodel; sourceTree = "<group>"; };
		A525D28B26357AA100967098 /* HappyPlantsApp.swift */ = {isa = PBXFileReference; lastKnownFileType = sourcecode.swift; path = HappyPlantsApp.swift; sourceTree = "<group>"; };
		A525D28C26357AA100967098 /* ContentView.swift */ = {isa = PBXFileReference; lastKnownFileType = sourcecode.swift; path = ContentView.swift; sourceTree = "<group>"; };
		A525D28D26357AA100967098 /* Persistence.swift */ = {isa = PBXFileReference; lastKnownFileType = sourcecode.swift; path = Persistence.swift; sourceTree = "<group>"; };
		A525D28E26357AA300967098 /* Assets.xcassets */ = {isa = PBXFileReference; lastKnownFileType = folder.assetcatalog; path = Assets.xcassets; sourceTree = "<group>"; };
		A525D29326357AA300967098 /* HappyPlants.app */ = {isa = PBXFileReference; explicitFileType = wrapper.application; includeInIndex = 0; path = HappyPlants.app; sourceTree = BUILT_PRODUCTS_DIR; };
		A525D29626357AA300967098 /* Info.plist */ = {isa = PBXFileReference; lastKnownFileType = text.plist.xml; path = Info.plist; sourceTree = "<group>"; };
		A525D29B26357AA300967098 /* HappyPlants.app */ = {isa = PBXFileReference; explicitFileType = wrapper.application; includeInIndex = 0; path = HappyPlants.app; sourceTree = BUILT_PRODUCTS_DIR; };
		A525D29D26357AA300967098 /* Info.plist */ = {isa = PBXFileReference; lastKnownFileType = text.plist.xml; path = Info.plist; sourceTree = "<group>"; };
		A525D29E26357AA300967098 /* macOS.entitlements */ = {isa = PBXFileReference; lastKnownFileType = text.plist.entitlements; path = macOS.entitlements; sourceTree = "<group>"; };
		A525D2A326357AA300967098 /* Tests iOS.xctest */ = {isa = PBXFileReference; explicitFileType = wrapper.cfbundle; includeInIndex = 0; path = "Tests iOS.xctest"; sourceTree = BUILT_PRODUCTS_DIR; };
		A525D2A726357AA300967098 /* Tests_iOS.swift */ = {isa = PBXFileReference; lastKnownFileType = sourcecode.swift; path = Tests_iOS.swift; sourceTree = "<group>"; };
		A525D2A926357AA300967098 /* Info.plist */ = {isa = PBXFileReference; lastKnownFileType = text.plist.xml; path = Info.plist; sourceTree = "<group>"; };
		A525D2AE26357AA300967098 /* Tests macOS.xctest */ = {isa = PBXFileReference; explicitFileType = wrapper.cfbundle; includeInIndex = 0; path = "Tests macOS.xctest"; sourceTree = BUILT_PRODUCTS_DIR; };
		A525D2B226357AA300967098 /* Tests_macOS.swift */ = {isa = PBXFileReference; lastKnownFileType = sourcecode.swift; path = Tests_macOS.swift; sourceTree = "<group>"; };
		A525D2B426357AA300967098 /* Info.plist */ = {isa = PBXFileReference; lastKnownFileType = text.plist.xml; path = Info.plist; sourceTree = "<group>"; };
		A525D2D626357C5100967098 /* Network.swift */ = {isa = PBXFileReference; lastKnownFileType = sourcecode.swift; path = Network.swift; sourceTree = "<group>"; };
		A525D2DD26357CE200967098 /* HappyPlantsAPI.swift */ = {isa = PBXFileReference; lastKnownFileType = sourcecode.swift; path = HappyPlantsAPI.swift; sourceTree = "<group>"; };
		A525D2E426357E6300967098 /* Gardener.swift */ = {isa = PBXFileReference; lastKnownFileType = sourcecode.swift; path = Gardener.swift; sourceTree = "<group>"; };
		A525D2EB26357E6800967098 /* Plant.swift */ = {isa = PBXFileReference; lastKnownFileType = sourcecode.swift; path = Plant.swift; sourceTree = "<group>"; };
		A525D2F226362DC400967098 /* LoginView.swift */ = {isa = PBXFileReference; lastKnownFileType = sourcecode.swift; path = LoginView.swift; sourceTree = "<group>"; };
		A525D3242636564700967098 /* AppTabNavigation.swift */ = {isa = PBXFileReference; lastKnownFileType = sourcecode.swift; path = AppTabNavigation.swift; sourceTree = "<group>"; };
		A525D32A2636571F00967098 /* AppSidebarNavigation.swift */ = {isa = PBXFileReference; lastKnownFileType = sourcecode.swift; path = AppSidebarNavigation.swift; sourceTree = "<group>"; };
/* End PBXFileReference section */

/* Begin PBXFrameworksBuildPhase section */
		A525D29026357AA300967098 /* Frameworks */ = {
			isa = PBXFrameworksBuildPhase;
			buildActionMask = 2147483647;
			files = (
			);
			runOnlyForDeploymentPostprocessing = 0;
		};
		A525D29826357AA300967098 /* Frameworks */ = {
			isa = PBXFrameworksBuildPhase;
			buildActionMask = 2147483647;
			files = (
			);
			runOnlyForDeploymentPostprocessing = 0;
		};
		A525D2A026357AA300967098 /* Frameworks */ = {
			isa = PBXFrameworksBuildPhase;
			buildActionMask = 2147483647;
			files = (
			);
			runOnlyForDeploymentPostprocessing = 0;
		};
		A525D2AB26357AA300967098 /* Frameworks */ = {
			isa = PBXFrameworksBuildPhase;
			buildActionMask = 2147483647;
			files = (
			);
			runOnlyForDeploymentPostprocessing = 0;
		};
/* End PBXFrameworksBuildPhase section */

/* Begin PBXGroup section */
		A525D28326357AA100967098 = {
			isa = PBXGroup;
			children = (
				A525D28826357AA100967098 /* Shared */,
				A525D29526357AA300967098 /* iOS */,
				A525D29C26357AA300967098 /* macOS */,
				A525D2A626357AA300967098 /* Tests iOS */,
				A525D2B126357AA300967098 /* Tests macOS */,
				A525D29426357AA300967098 /* Products */,
			);
			sourceTree = "<group>";
		};
		A525D28826357AA100967098 /* Shared */ = {
			isa = PBXGroup;
			children = (
				A525D28B26357AA100967098 /* HappyPlantsApp.swift */,
				A525D3342636583B00967098 /* Navigation */,
				A525D3332636582600967098 /* Views */,
				A525D3322636580000967098 /* Network */,
				A525D3312636576D00967098 /* Model */,
				A525D28D26357AA100967098 /* Persistence.swift */,
				A525D28E26357AA300967098 /* Assets.xcassets */,
				A525D28926357AA100967098 /* HappyPlants.xcdatamodeld */,
			);
			path = Shared;
			sourceTree = "<group>";
		};
		A525D29426357AA300967098 /* Products */ = {
			isa = PBXGroup;
			children = (
				A525D29326357AA300967098 /* HappyPlants.app */,
				A525D29B26357AA300967098 /* HappyPlants.app */,
				A525D2A326357AA300967098 /* Tests iOS.xctest */,
				A525D2AE26357AA300967098 /* Tests macOS.xctest */,
			);
			name = Products;
			sourceTree = "<group>";
		};
		A525D29526357AA300967098 /* iOS */ = {
			isa = PBXGroup;
			children = (
				A525D3242636564700967098 /* AppTabNavigation.swift */,
				A525D29626357AA300967098 /* Info.plist */,
			);
			path = iOS;
			sourceTree = "<group>";
		};
		A525D29C26357AA300967098 /* macOS */ = {
			isa = PBXGroup;
			children = (
				A525D29D26357AA300967098 /* Info.plist */,
				A525D29E26357AA300967098 /* macOS.entitlements */,
			);
			path = macOS;
			sourceTree = "<group>";
		};
		A525D2A626357AA300967098 /* Tests iOS */ = {
			isa = PBXGroup;
			children = (
				A525D2A726357AA300967098 /* Tests_iOS.swift */,
				A525D2A926357AA300967098 /* Info.plist */,
			);
			path = "Tests iOS";
			sourceTree = "<group>";
		};
		A525D2B126357AA300967098 /* Tests macOS */ = {
			isa = PBXGroup;
			children = (
				A525D2B226357AA300967098 /* Tests_macOS.swift */,
				A525D2B426357AA300967098 /* Info.plist */,
			);
			path = "Tests macOS";
			sourceTree = "<group>";
		};
		A525D3312636576D00967098 /* Model */ = {
			isa = PBXGroup;
			children = (
				A525D2E426357E6300967098 /* Gardener.swift */,
				A525D2EB26357E6800967098 /* Plant.swift */,
			);
			path = Model;
			sourceTree = "<group>";
		};
		A525D3322636580000967098 /* Network */ = {
			isa = PBXGroup;
			children = (
				A525D2D626357C5100967098 /* Network.swift */,
				A525D2DD26357CE200967098 /* HappyPlantsAPI.swift */,
			);
			path = Network;
			sourceTree = "<group>";
		};
		A525D3332636582600967098 /* Views */ = {
			isa = PBXGroup;
			children = (
				A525D2F226362DC400967098 /* LoginView.swift */,
			);
			path = Views;
			sourceTree = "<group>";
		};
		A525D3342636583B00967098 /* Navigation */ = {
			isa = PBXGroup;
			children = (
				A525D28C26357AA100967098 /* ContentView.swift */,
				A525D32A2636571F00967098 /* AppSidebarNavigation.swift */,
			);
			path = Navigation;
			sourceTree = "<group>";
		};
/* End PBXGroup section */

/* Begin PBXNativeTarget section */
		A525D29226357AA300967098 /* HappyPlants (iOS) */ = {
			isa = PBXNativeTarget;
			buildConfigurationList = A525D2C126357AA300967098 /* Build configuration list for PBXNativeTarget "HappyPlants (iOS)" */;
			buildPhases = (
				A525D28F26357AA300967098 /* Sources */,
				A525D29026357AA300967098 /* Frameworks */,
				A525D29126357AA300967098 /* Resources */,
			);
			buildRules = (
			);
			dependencies = (
			);
			name = "HappyPlants (iOS)";
			productName = "HappyPlants (iOS)";
			productReference = A525D29326357AA300967098 /* HappyPlants.app */;
			productType = "com.apple.product-type.application";
		};
		A525D29A26357AA300967098 /* HappyPlants (macOS) */ = {
			isa = PBXNativeTarget;
			buildConfigurationList = A525D2C426357AA300967098 /* Build configuration list for PBXNativeTarget "HappyPlants (macOS)" */;
			buildPhases = (
				A525D29726357AA300967098 /* Sources */,
				A525D29826357AA300967098 /* Frameworks */,
				A525D29926357AA300967098 /* Resources */,
			);
			buildRules = (
			);
			dependencies = (
			);
			name = "HappyPlants (macOS)";
			productName = "HappyPlants (macOS)";
			productReference = A525D29B26357AA300967098 /* HappyPlants.app */;
			productType = "com.apple.product-type.application";
		};
		A525D2A226357AA300967098 /* Tests iOS */ = {
			isa = PBXNativeTarget;
			buildConfigurationList = A525D2C726357AA300967098 /* Build configuration list for PBXNativeTarget "Tests iOS" */;
			buildPhases = (
				A525D29F26357AA300967098 /* Sources */,
				A525D2A026357AA300967098 /* Frameworks */,
				A525D2A126357AA300967098 /* Resources */,
			);
			buildRules = (
			);
			dependencies = (
				A525D2A526357AA300967098 /* PBXTargetDependency */,
			);
			name = "Tests iOS";
			productName = "Tests iOS";
			productReference = A525D2A326357AA300967098 /* Tests iOS.xctest */;
			productType = "com.apple.product-type.bundle.ui-testing";
		};
		A525D2AD26357AA300967098 /* Tests macOS */ = {
			isa = PBXNativeTarget;
			buildConfigurationList = A525D2CA26357AA300967098 /* Build configuration list for PBXNativeTarget "Tests macOS" */;
			buildPhases = (
				A525D2AA26357AA300967098 /* Sources */,
				A525D2AB26357AA300967098 /* Frameworks */,
				A525D2AC26357AA300967098 /* Resources */,
			);
			buildRules = (
			);
			dependencies = (
				A525D2B026357AA300967098 /* PBXTargetDependency */,
			);
			name = "Tests macOS";
			productName = "Tests macOS";
			productReference = A525D2AE26357AA300967098 /* Tests macOS.xctest */;
			productType = "com.apple.product-type.bundle.ui-testing";
		};
/* End PBXNativeTarget section */

/* Begin PBXProject section */
		A525D28426357AA100967098 /* Project object */ = {
			isa = PBXProject;
			attributes = {
				LastSwiftUpdateCheck = 1240;
				LastUpgradeCheck = 1240;
				TargetAttributes = {
					A525D29226357AA300967098 = {
						CreatedOnToolsVersion = 12.4;
					};
					A525D29A26357AA300967098 = {
						CreatedOnToolsVersion = 12.4;
					};
					A525D2A226357AA300967098 = {
						CreatedOnToolsVersion = 12.4;
						TestTargetID = A525D29226357AA300967098;
					};
					A525D2AD26357AA300967098 = {
						CreatedOnToolsVersion = 12.4;
						TestTargetID = A525D29A26357AA300967098;
					};
				};
			};
			buildConfigurationList = A525D28726357AA100967098 /* Build configuration list for PBXProject "HappyPlants" */;
			compatibilityVersion = "Xcode 9.3";
			developmentRegion = en;
			hasScannedForEncodings = 0;
			knownRegions = (
				en,
				Base,
			);
			mainGroup = A525D28326357AA100967098;
			productRefGroup = A525D29426357AA300967098 /* Products */;
			projectDirPath = "";
			projectRoot = "";
			targets = (
				A525D29226357AA300967098 /* HappyPlants (iOS) */,
				A525D29A26357AA300967098 /* HappyPlants (macOS) */,
				A525D2A226357AA300967098 /* Tests iOS */,
				A525D2AD26357AA300967098 /* Tests macOS */,
			);
		};
/* End PBXProject section */

/* Begin PBXResourcesBuildPhase section */
		A525D29126357AA300967098 /* Resources */ = {
			isa = PBXResourcesBuildPhase;
			buildActionMask = 2147483647;
			files = (
				A525D2BD26357AA300967098 /* Assets.xcassets in Resources */,
			);
			runOnlyForDeploymentPostprocessing = 0;
		};
		A525D29926357AA300967098 /* Resources */ = {
			isa = PBXResourcesBuildPhase;
			buildActionMask = 2147483647;
			files = (
				A525D2BE26357AA300967098 /* Assets.xcassets in Resources */,
			);
			runOnlyForDeploymentPostprocessing = 0;
		};
		A525D2A126357AA300967098 /* Resources */ = {
			isa = PBXResourcesBuildPhase;
			buildActionMask = 2147483647;
			files = (
			);
			runOnlyForDeploymentPostprocessing = 0;
		};
		A525D2AC26357AA300967098 /* Resources */ = {
			isa = PBXResourcesBuildPhase;
			buildActionMask = 2147483647;
			files = (
			);
			runOnlyForDeploymentPostprocessing = 0;
		};
/* End PBXResourcesBuildPhase section */

/* Begin PBXSourcesBuildPhase section */
		A525D28F26357AA300967098 /* Sources */ = {
			isa = PBXSourcesBuildPhase;
			buildActionMask = 2147483647;
			files = (
				A525D2D726357C5100967098 /* Network.swift in Sources */,
				A525D2B726357AA300967098 /* HappyPlantsApp.swift in Sources */,
				A525D32B2636571F00967098 /* AppSidebarNavigation.swift in Sources */,
				A525D2BB26357AA300967098 /* Persistence.swift in Sources */,
				A525D2F326362DC400967098 /* LoginView.swift in Sources */,
				A525D2DE26357CE200967098 /* HappyPlantsAPI.swift in Sources */,
				A525D2E526357E6300967098 /* Gardener.swift in Sources */,
				A525D2EC26357E6800967098 /* Plant.swift in Sources */,
				A525D2B526357AA300967098 /* HappyPlants.xcdatamodeld in Sources */,
				A525D2B926357AA300967098 /* ContentView.swift in Sources */,
				A525D3252636564700967098 /* AppTabNavigation.swift in Sources */,
			);
			runOnlyForDeploymentPostprocessing = 0;
		};
		A525D29726357AA300967098 /* Sources */ = {
			isa = PBXSourcesBuildPhase;
			buildActionMask = 2147483647;
			files = (
				A525D2D826357C5100967098 /* Network.swift in Sources */,
				A525D2B826357AA300967098 /* HappyPlantsApp.swift in Sources */,
				A525D2BC26357AA300967098 /* Persistence.swift in Sources */,
				A525D2F426362DC400967098 /* LoginView.swift in Sources */,
				A525D2DF26357CE200967098 /* HappyPlantsAPI.swift in Sources */,
				A525D2E626357E6300967098 /* Gardener.swift in Sources */,
				A525D2ED26357E6800967098 /* Plant.swift in Sources */,
				A525D2B626357AA300967098 /* HappyPlants.xcdatamodeld in Sources */,
				A525D32C2636571F00967098 /* AppSidebarNavigation.swift in Sources */,
				A525D2BA26357AA300967098 /* ContentView.swift in Sources */,
			);
			runOnlyForDeploymentPostprocessing = 0;
		};
		A525D29F26357AA300967098 /* Sources */ = {
			isa = PBXSourcesBuildPhase;
			buildActionMask = 2147483647;
			files = (
				A525D2A826357AA300967098 /* Tests_iOS.swift in Sources */,
			);
			runOnlyForDeploymentPostprocessing = 0;
		};
		A525D2AA26357AA300967098 /* Sources */ = {
			isa = PBXSourcesBuildPhase;
			buildActionMask = 2147483647;
			files = (
				A525D2B326357AA300967098 /* Tests_macOS.swift in Sources */,
			);
			runOnlyForDeploymentPostprocessing = 0;
		};
/* End PBXSourcesBuildPhase section */

/* Begin PBXTargetDependency section */
		A525D2A526357AA300967098 /* PBXTargetDependency */ = {
			isa = PBXTargetDependency;
			target = A525D29226357AA300967098 /* HappyPlants (iOS) */;
			targetProxy = A525D2A426357AA300967098 /* PBXContainerItemProxy */;
		};
		A525D2B026357AA300967098 /* PBXTargetDependency */ = {
			isa = PBXTargetDependency;
			target = A525D29A26357AA300967098 /* HappyPlants (macOS) */;
			targetProxy = A525D2AF26357AA300967098 /* PBXContainerItemProxy */;
		};
/* End PBXTargetDependency section */

/* Begin XCBuildConfiguration section */
		A525D2BF26357AA300967098 /* Debug */ = {
			isa = XCBuildConfiguration;
			buildSettings = {
				ALWAYS_SEARCH_USER_PATHS = NO;
				CLANG_ANALYZER_NONNULL = YES;
				CLANG_ANALYZER_NUMBER_OBJECT_CONVERSION = YES_AGGRESSIVE;
				CLANG_CXX_LANGUAGE_STANDARD = "gnu++14";
				CLANG_CXX_LIBRARY = "libc++";
				CLANG_ENABLE_MODULES = YES;
				CLANG_ENABLE_OBJC_ARC = YES;
				CLANG_ENABLE_OBJC_WEAK = YES;
				CLANG_WARN_BLOCK_CAPTURE_AUTORELEASING = YES;
				CLANG_WARN_BOOL_CONVERSION = YES;
				CLANG_WARN_COMMA = YES;
				CLANG_WARN_CONSTANT_CONVERSION = YES;
				CLANG_WARN_DEPRECATED_OBJC_IMPLEMENTATIONS = YES;
				CLANG_WARN_DIRECT_OBJC_ISA_USAGE = YES_ERROR;
				CLANG_WARN_DOCUMENTATION_COMMENTS = YES;
				CLANG_WARN_EMPTY_BODY = YES;
				CLANG_WARN_ENUM_CONVERSION = YES;
				CLANG_WARN_INFINITE_RECURSION = YES;
				CLANG_WARN_INT_CONVERSION = YES;
				CLANG_WARN_NON_LITERAL_NULL_CONVERSION = YES;
				CLANG_WARN_OBJC_IMPLICIT_RETAIN_SELF = YES;
				CLANG_WARN_OBJC_LITERAL_CONVERSION = YES;
				CLANG_WARN_OBJC_ROOT_CLASS = YES_ERROR;
				CLANG_WARN_QUOTED_INCLUDE_IN_FRAMEWORK_HEADER = YES;
				CLANG_WARN_RANGE_LOOP_ANALYSIS = YES;
				CLANG_WARN_STRICT_PROTOTYPES = YES;
				CLANG_WARN_SUSPICIOUS_MOVE = YES;
				CLANG_WARN_UNGUARDED_AVAILABILITY = YES_AGGRESSIVE;
				CLANG_WARN_UNREACHABLE_CODE = YES;
				CLANG_WARN__DUPLICATE_METHOD_MATCH = YES;
				COPY_PHASE_STRIP = NO;
				DEBUG_INFORMATION_FORMAT = dwarf;
				ENABLE_STRICT_OBJC_MSGSEND = YES;
				ENABLE_TESTABILITY = YES;
				GCC_C_LANGUAGE_STANDARD = gnu11;
				GCC_DYNAMIC_NO_PIC = NO;
				GCC_NO_COMMON_BLOCKS = YES;
				GCC_OPTIMIZATION_LEVEL = 0;
				GCC_PREPROCESSOR_DEFINITIONS = (
					"DEBUG=1",
					"$(inherited)",
				);
				GCC_WARN_64_TO_32_BIT_CONVERSION = YES;
				GCC_WARN_ABOUT_RETURN_TYPE = YES_ERROR;
				GCC_WARN_UNDECLARED_SELECTOR = YES;
				GCC_WARN_UNINITIALIZED_AUTOS = YES_AGGRESSIVE;
				GCC_WARN_UNUSED_FUNCTION = YES;
				GCC_WARN_UNUSED_VARIABLE = YES;
				MTL_ENABLE_DEBUG_INFO = INCLUDE_SOURCE;
				MTL_FAST_MATH = YES;
				ONLY_ACTIVE_ARCH = YES;
				SWIFT_ACTIVE_COMPILATION_CONDITIONS = DEBUG;
				SWIFT_OPTIMIZATION_LEVEL = "-Onone";
			};
			name = Debug;
		};
		A525D2C026357AA300967098 /* Release */ = {
			isa = XCBuildConfiguration;
			buildSettings = {
				ALWAYS_SEARCH_USER_PATHS = NO;
				CLANG_ANALYZER_NONNULL = YES;
				CLANG_ANALYZER_NUMBER_OBJECT_CONVERSION = YES_AGGRESSIVE;
				CLANG_CXX_LANGUAGE_STANDARD = "gnu++14";
				CLANG_CXX_LIBRARY = "libc++";
				CLANG_ENABLE_MODULES = YES;
				CLANG_ENABLE_OBJC_ARC = YES;
				CLANG_ENABLE_OBJC_WEAK = YES;
				CLANG_WARN_BLOCK_CAPTURE_AUTORELEASING = YES;
				CLANG_WARN_BOOL_CONVERSION = YES;
				CLANG_WARN_COMMA = YES;
				CLANG_WARN_CONSTANT_CONVERSION = YES;
				CLANG_WARN_DEPRECATED_OBJC_IMPLEMENTATIONS = YES;
				CLANG_WARN_DIRECT_OBJC_ISA_USAGE = YES_ERROR;
				CLANG_WARN_DOCUMENTATION_COMMENTS = YES;
				CLANG_WARN_EMPTY_BODY = YES;
				CLANG_WARN_ENUM_CONVERSION = YES;
				CLANG_WARN_INFINITE_RECURSION = YES;
				CLANG_WARN_INT_CONVERSION = YES;
				CLANG_WARN_NON_LITERAL_NULL_CONVERSION = YES;
				CLANG_WARN_OBJC_IMPLICIT_RETAIN_SELF = YES;
				CLANG_WARN_OBJC_LITERAL_CONVERSION = YES;
				CLANG_WARN_OBJC_ROOT_CLASS = YES_ERROR;
				CLANG_WARN_QUOTED_INCLUDE_IN_FRAMEWORK_HEADER = YES;
				CLANG_WARN_RANGE_LOOP_ANALYSIS = YES;
				CLANG_WARN_STRICT_PROTOTYPES = YES;
				CLANG_WARN_SUSPICIOUS_MOVE = YES;
				CLANG_WARN_UNGUARDED_AVAILABILITY = YES_AGGRESSIVE;
				CLANG_WARN_UNREACHABLE_CODE = YES;
				CLANG_WARN__DUPLICATE_METHOD_MATCH = YES;
				COPY_PHASE_STRIP = NO;
				DEBUG_INFORMATION_FORMAT = "dwarf-with-dsym";
				ENABLE_NS_ASSERTIONS = NO;
				ENABLE_STRICT_OBJC_MSGSEND = YES;
				GCC_C_LANGUAGE_STANDARD = gnu11;
				GCC_NO_COMMON_BLOCKS = YES;
				GCC_WARN_64_TO_32_BIT_CONVERSION = YES;
				GCC_WARN_ABOUT_RETURN_TYPE = YES_ERROR;
				GCC_WARN_UNDECLARED_SELECTOR = YES;
				GCC_WARN_UNINITIALIZED_AUTOS = YES_AGGRESSIVE;
				GCC_WARN_UNUSED_FUNCTION = YES;
				GCC_WARN_UNUSED_VARIABLE = YES;
				MTL_ENABLE_DEBUG_INFO = NO;
				MTL_FAST_MATH = YES;
				SWIFT_COMPILATION_MODE = wholemodule;
				SWIFT_OPTIMIZATION_LEVEL = "-O";
			};
			name = Release;
		};
		A525D2C226357AA300967098 /* Debug */ = {
			isa = XCBuildConfiguration;
			buildSettings = {
				ASSETCATALOG_COMPILER_APPICON_NAME = AppIcon;
				ASSETCATALOG_COMPILER_GLOBAL_ACCENT_COLOR_NAME = AccentColor;
				CODE_SIGN_STYLE = Automatic;
				DEVELOPMENT_TEAM = 68KS6FN57P;
				ENABLE_PREVIEWS = YES;
				INFOPLIST_FILE = iOS/Info.plist;
				IPHONEOS_DEPLOYMENT_TARGET = 14.0;
				LD_RUNPATH_SEARCH_PATHS = (
					"$(inherited)",
					"@executable_path/Frameworks",
				);
				PRODUCT_BUNDLE_IDENTIFIER = com.boldflight.HappyPlants;
				PRODUCT_NAME = HappyPlants;
				SDKROOT = iphoneos;
				SWIFT_VERSION = 5.0;
				TARGETED_DEVICE_FAMILY = "1,2";
			};
			name = Debug;
		};
		A525D2C326357AA300967098 /* Release */ = {
			isa = XCBuildConfiguration;
			buildSettings = {
				ASSETCATALOG_COMPILER_APPICON_NAME = AppIcon;
				ASSETCATALOG_COMPILER_GLOBAL_ACCENT_COLOR_NAME = AccentColor;
				CODE_SIGN_STYLE = Automatic;
				DEVELOPMENT_TEAM = 68KS6FN57P;
				ENABLE_PREVIEWS = YES;
				INFOPLIST_FILE = iOS/Info.plist;
				IPHONEOS_DEPLOYMENT_TARGET = 14.0;
				LD_RUNPATH_SEARCH_PATHS = (
					"$(inherited)",
					"@executable_path/Frameworks",
				);
				PRODUCT_BUNDLE_IDENTIFIER = com.boldflight.HappyPlants;
				PRODUCT_NAME = HappyPlants;
				SDKROOT = iphoneos;
				SWIFT_VERSION = 5.0;
				TARGETED_DEVICE_FAMILY = "1,2";
				VALIDATE_PRODUCT = YES;
			};
			name = Release;
		};
		A525D2C526357AA300967098 /* Debug */ = {
			isa = XCBuildConfiguration;
			buildSettings = {
				ASSETCATALOG_COMPILER_APPICON_NAME = AppIcon;
				ASSETCATALOG_COMPILER_GLOBAL_ACCENT_COLOR_NAME = AccentColor;
				CODE_SIGN_ENTITLEMENTS = macOS/macOS.entitlements;
				CODE_SIGN_STYLE = Automatic;
				COMBINE_HIDPI_IMAGES = YES;
				DEVELOPMENT_TEAM = 68KS6FN57P;
				ENABLE_HARDENED_RUNTIME = YES;
				ENABLE_PREVIEWS = YES;
				INFOPLIST_FILE = macOS/Info.plist;
				LD_RUNPATH_SEARCH_PATHS = (
					"$(inherited)",
					"@executable_path/../Frameworks",
				);
				MACOSX_DEPLOYMENT_TARGET = 11.0;
				PRODUCT_BUNDLE_IDENTIFIER = com.boldflight.HappyPlants;
				PRODUCT_NAME = HappyPlants;
				SDKROOT = macosx;
				SWIFT_VERSION = 5.0;
			};
			name = Debug;
		};
		A525D2C626357AA300967098 /* Release */ = {
			isa = XCBuildConfiguration;
			buildSettings = {
				ASSETCATALOG_COMPILER_APPICON_NAME = AppIcon;
				ASSETCATALOG_COMPILER_GLOBAL_ACCENT_COLOR_NAME = AccentColor;
				CODE_SIGN_ENTITLEMENTS = macOS/macOS.entitlements;
				CODE_SIGN_STYLE = Automatic;
				COMBINE_HIDPI_IMAGES = YES;
				DEVELOPMENT_TEAM = 68KS6FN57P;
				ENABLE_HARDENED_RUNTIME = YES;
				ENABLE_PREVIEWS = YES;
				INFOPLIST_FILE = macOS/Info.plist;
				LD_RUNPATH_SEARCH_PATHS = (
					"$(inherited)",
					"@executable_path/../Frameworks",
				);
				MACOSX_DEPLOYMENT_TARGET = 11.0;
				PRODUCT_BUNDLE_IDENTIFIER = com.boldflight.HappyPlants;
				PRODUCT_NAME = HappyPlants;
				SDKROOT = macosx;
				SWIFT_VERSION = 5.0;
			};
			name = Release;
		};
		A525D2C826357AA300967098 /* Debug */ = {
			isa = XCBuildConfiguration;
			buildSettings = {
				ALWAYS_EMBED_SWIFT_STANDARD_LIBRARIES = YES;
				CODE_SIGN_STYLE = Automatic;
				DEVELOPMENT_TEAM = 68KS6FN57P;
				INFOPLIST_FILE = "Tests iOS/Info.plist";
				IPHONEOS_DEPLOYMENT_TARGET = 14.4;
				LD_RUNPATH_SEARCH_PATHS = (
					"$(inherited)",
					"@executable_path/Frameworks",
					"@loader_path/Frameworks",
				);
				PRODUCT_BUNDLE_IDENTIFIER = "com.boldflight.Tests-iOS";
				PRODUCT_NAME = "$(TARGET_NAME)";
				SDKROOT = iphoneos;
				SWIFT_VERSION = 5.0;
				TARGETED_DEVICE_FAMILY = "1,2";
				TEST_TARGET_NAME = "HappyPlants (iOS)";
			};
			name = Debug;
		};
		A525D2C926357AA300967098 /* Release */ = {
			isa = XCBuildConfiguration;
			buildSettings = {
				ALWAYS_EMBED_SWIFT_STANDARD_LIBRARIES = YES;
				CODE_SIGN_STYLE = Automatic;
				DEVELOPMENT_TEAM = 68KS6FN57P;
				INFOPLIST_FILE = "Tests iOS/Info.plist";
				IPHONEOS_DEPLOYMENT_TARGET = 14.4;
				LD_RUNPATH_SEARCH_PATHS = (
					"$(inherited)",
					"@executable_path/Frameworks",
					"@loader_path/Frameworks",
				);
				PRODUCT_BUNDLE_IDENTIFIER = "com.boldflight.Tests-iOS";
				PRODUCT_NAME = "$(TARGET_NAME)";
				SDKROOT = iphoneos;
				SWIFT_VERSION = 5.0;
				TARGETED_DEVICE_FAMILY = "1,2";
				TEST_TARGET_NAME = "HappyPlants (iOS)";
				VALIDATE_PRODUCT = YES;
			};
			name = Release;
		};
		A525D2CB26357AA300967098 /* Debug */ = {
			isa = XCBuildConfiguration;
			buildSettings = {
				ALWAYS_EMBED_SWIFT_STANDARD_LIBRARIES = YES;
				CODE_SIGN_STYLE = Automatic;
				COMBINE_HIDPI_IMAGES = YES;
				DEVELOPMENT_TEAM = 68KS6FN57P;
				INFOPLIST_FILE = "Tests macOS/Info.plist";
				LD_RUNPATH_SEARCH_PATHS = (
					"$(inherited)",
					"@executable_path/../Frameworks",
					"@loader_path/../Frameworks",
				);
				MACOSX_DEPLOYMENT_TARGET = 11.1;
				PRODUCT_BUNDLE_IDENTIFIER = "com.boldflight.Tests-macOS";
				PRODUCT_NAME = "$(TARGET_NAME)";
				SDKROOT = macosx;
				SWIFT_VERSION = 5.0;
				TEST_TARGET_NAME = "HappyPlants (macOS)";
			};
			name = Debug;
		};
		A525D2CC26357AA300967098 /* Release */ = {
			isa = XCBuildConfiguration;
			buildSettings = {
				ALWAYS_EMBED_SWIFT_STANDARD_LIBRARIES = YES;
				CODE_SIGN_STYLE = Automatic;
				COMBINE_HIDPI_IMAGES = YES;
				DEVELOPMENT_TEAM = 68KS6FN57P;
				INFOPLIST_FILE = "Tests macOS/Info.plist";
				LD_RUNPATH_SEARCH_PATHS = (
					"$(inherited)",
					"@executable_path/../Frameworks",
					"@loader_path/../Frameworks",
				);
				MACOSX_DEPLOYMENT_TARGET = 11.1;
				PRODUCT_BUNDLE_IDENTIFIER = "com.boldflight.Tests-macOS";
				PRODUCT_NAME = "$(TARGET_NAME)";
				SDKROOT = macosx;
				SWIFT_VERSION = 5.0;
				TEST_TARGET_NAME = "HappyPlants (macOS)";
			};
			name = Release;
		};
/* End XCBuildConfiguration section */

/* Begin XCConfigurationList section */
		A525D28726357AA100967098 /* Build configuration list for PBXProject "HappyPlants" */ = {
			isa = XCConfigurationList;
			buildConfigurations = (
				A525D2BF26357AA300967098 /* Debug */,
				A525D2C026357AA300967098 /* Release */,
			);
			defaultConfigurationIsVisible = 0;
			defaultConfigurationName = Release;
		};
		A525D2C126357AA300967098 /* Build configuration list for PBXNativeTarget "HappyPlants (iOS)" */ = {
			isa = XCConfigurationList;
			buildConfigurations = (
				A525D2C226357AA300967098 /* Debug */,
				A525D2C326357AA300967098 /* Release */,
			);
			defaultConfigurationIsVisible = 0;
			defaultConfigurationName = Release;
		};
		A525D2C426357AA300967098 /* Build configuration list for PBXNativeTarget "HappyPlants (macOS)" */ = {
			isa = XCConfigurationList;
			buildConfigurations = (
				A525D2C526357AA300967098 /* Debug */,
				A525D2C626357AA300967098 /* Release */,
			);
			defaultConfigurationIsVisible = 0;
			defaultConfigurationName = Release;
		};
		A525D2C726357AA300967098 /* Build configuration list for PBXNativeTarget "Tests iOS" */ = {
			isa = XCConfigurationList;
			buildConfigurations = (
				A525D2C826357AA300967098 /* Debug */,
				A525D2C926357AA300967098 /* Release */,
			);
			defaultConfigurationIsVisible = 0;
			defaultConfigurationName = Release;
		};
		A525D2CA26357AA300967098 /* Build configuration list for PBXNativeTarget "Tests macOS" */ = {
			isa = XCConfigurationList;
			buildConfigurations = (
				A525D2CB26357AA300967098 /* Debug */,
				A525D2CC26357AA300967098 /* Release */,
			);
			defaultConfigurationIsVisible = 0;
			defaultConfigurationName = Release;
		};
/* End XCConfigurationList section */

/* Begin XCVersionGroup section */
		A525D28926357AA100967098 /* HappyPlants.xcdatamodeld */ = {
			isa = XCVersionGroup;
			children = (
				A525D28A26357AA100967098 /* Shared.xcdatamodel */,
			);
			currentVersion = A525D28A26357AA100967098 /* Shared.xcdatamodel */;
			path = HappyPlants.xcdatamodeld;
			sourceTree = "<group>";
			versionGroupType = wrapper.xcdatamodel;
		};
/* End XCVersionGroup section */
	};
	rootObject = A525D28426357AA100967098 /* Project object */;
}
